// !$*UTF8*$!
{
	archiveVersion = 1;
	classes = {
	};
	objectVersion = 50;
	objects = {

/* Begin PBXBuildFile section */
		085B084926B136BF003EA5B7 /* AppDelegate.swift in Sources */ = {isa = PBXBuildFile; fileRef = 085B084826B136BF003EA5B7 /* AppDelegate.swift */; };
		085B084B26B136BF003EA5B7 /* SceneDelegate.swift in Sources */ = {isa = PBXBuildFile; fileRef = 085B084A26B136BF003EA5B7 /* SceneDelegate.swift */; };
		085B084D26B136BF003EA5B7 /* ViewController.swift in Sources */ = {isa = PBXBuildFile; fileRef = 085B084C26B136BF003EA5B7 /* ViewController.swift */; };
		085B085226B136C1003EA5B7 /* Assets.xcassets in Resources */ = {isa = PBXBuildFile; fileRef = 085B085126B136C1003EA5B7 /* Assets.xcassets */; };
		085B085526B136C1003EA5B7 /* LaunchScreen.storyboard in Resources */ = {isa = PBXBuildFile; fileRef = 085B085326B136C1003EA5B7 /* LaunchScreen.storyboard */; };
		085B086026B136C1003EA5B7 /* NaviTests.swift in Sources */ = {isa = PBXBuildFile; fileRef = 085B085F26B136C1003EA5B7 /* NaviTests.swift */; };
		085B086B26B136C1003EA5B7 /* NaviUITests.swift in Sources */ = {isa = PBXBuildFile; fileRef = 085B086A26B136C1003EA5B7 /* NaviUITests.swift */; };
		085B087926B14655003EA5B7 /* TabBarController.swift in Sources */ = {isa = PBXBuildFile; fileRef = 085B087826B14655003EA5B7 /* TabBarController.swift */; };
		085B087D26B14C9A003EA5B7 /* HomeVC.swift in Sources */ = {isa = PBXBuildFile; fileRef = 085B087C26B14C9A003EA5B7 /* HomeVC.swift */; };
		085B087F26B15058003EA5B7 /* QuizVC.swift in Sources */ = {isa = PBXBuildFile; fileRef = 085B087E26B15058003EA5B7 /* QuizVC.swift */; };
		085B088126B150E1003EA5B7 /* MyPageVC.swift in Sources */ = {isa = PBXBuildFile; fileRef = 085B088026B150E1003EA5B7 /* MyPageVC.swift */; };
		085B088326B15F63003EA5B7 /* VerseGroupTableView.swift in Sources */ = {isa = PBXBuildFile; fileRef = 085B088226B15F63003EA5B7 /* VerseGroupTableView.swift */; };
		089762C926C3A91600AFC555 /* HeadCell.swift in Sources */ = {isa = PBXBuildFile; fileRef = 089762C826C3A91600AFC555 /* HeadCell.swift */; };
		089762CC26C3C99900AFC555 /* UIColor+Extension.swift in Sources */ = {isa = PBXBuildFile; fileRef = 089762CB26C3C99900AFC555 /* UIColor+Extension.swift */; };
		089762CE26C3D65700AFC555 /* TodayVerseView.swift in Sources */ = {isa = PBXBuildFile; fileRef = 089762CD26C3D65700AFC555 /* TodayVerseView.swift */; };
		089762D126C3D69D00AFC555 /* VerseViewModel.swift in Sources */ = {isa = PBXBuildFile; fileRef = 089762D026C3D69D00AFC555 /* VerseViewModel.swift */; };
		08A7820126CCD88D00338E97 /* PersistentContainer.swift in Sources */ = {isa = PBXBuildFile; fileRef = 08A7820026CCD88D00338E97 /* PersistentContainer.swift */; };
		08AB0A3B26CCFDAE00066D6F /* Model.xcdatamodeld in Sources */ = {isa = PBXBuildFile; fileRef = 08AB0A3926CCFDAE00066D6F /* Model.xcdatamodeld */; };
		08AB0A4026CD0AA200066D6F /* Verse.swift in Sources */ = {isa = PBXBuildFile; fileRef = 08AB0A3E26CD0AA200066D6F /* Verse.swift */; };
		08AB0A4726D0DD2100066D6F /* CardTableVC.swift in Sources */ = {isa = PBXBuildFile; fileRef = 08AB0A4626D0DD2100066D6F /* CardTableVC.swift */; };
		08AB0A4926D0DFE100066D6F /* CardTableViewModel.swift in Sources */ = {isa = PBXBuildFile; fileRef = 08AB0A4826D0DFE100066D6F /* CardTableViewModel.swift */; };
		08AB0A4B26D0E15800066D6F /* CardTableView.swift in Sources */ = {isa = PBXBuildFile; fileRef = 08AB0A4A26D0E15800066D6F /* CardTableView.swift */; };
		08AB0A4D26D0E41C00066D6F /* CardCell.swift in Sources */ = {isa = PBXBuildFile; fileRef = 08AB0A4C26D0E41C00066D6F /* CardCell.swift */; };
		08AB0A4F26D0E4AA00066D6F /* CardViewModel.swift in Sources */ = {isa = PBXBuildFile; fileRef = 08AB0A4E26D0E4AA00066D6F /* CardViewModel.swift */; };
		08AD4D9926BA784C00E14F64 /* DataBaseService.swift in Sources */ = {isa = PBXBuildFile; fileRef = 08AD4D9826BA784C00E14F64 /* DataBaseService.swift */; };
		08AD4D9D26BCEE7800E14F64 /* cardset.tsv in Resources */ = {isa = PBXBuildFile; fileRef = 08AD4D9C26BCEE7800E14F64 /* cardset.tsv */; };
		08AD4DA126C38C0400E14F64 /* ThemeHeaderView.swift in Sources */ = {isa = PBXBuildFile; fileRef = 08AD4DA026C38C0400E14F64 /* ThemeHeaderView.swift */; };
/* End PBXBuildFile section */

/* Begin PBXContainerItemProxy section */
		085B085C26B136C1003EA5B7 /* PBXContainerItemProxy */ = {
			isa = PBXContainerItemProxy;
			containerPortal = 085B083D26B136BF003EA5B7 /* Project object */;
			proxyType = 1;
			remoteGlobalIDString = 085B084426B136BF003EA5B7;
			remoteInfo = Navi;
		};
		085B086726B136C1003EA5B7 /* PBXContainerItemProxy */ = {
			isa = PBXContainerItemProxy;
			containerPortal = 085B083D26B136BF003EA5B7 /* Project object */;
			proxyType = 1;
			remoteGlobalIDString = 085B084426B136BF003EA5B7;
			remoteInfo = Navi;
		};
/* End PBXContainerItemProxy section */

/* Begin PBXFileReference section */
		085B084526B136BF003EA5B7 /* Navi.app */ = {isa = PBXFileReference; explicitFileType = wrapper.application; includeInIndex = 0; path = Navi.app; sourceTree = BUILT_PRODUCTS_DIR; };
		085B084826B136BF003EA5B7 /* AppDelegate.swift */ = {isa = PBXFileReference; lastKnownFileType = sourcecode.swift; path = AppDelegate.swift; sourceTree = "<group>"; };
		085B084A26B136BF003EA5B7 /* SceneDelegate.swift */ = {isa = PBXFileReference; lastKnownFileType = sourcecode.swift; path = SceneDelegate.swift; sourceTree = "<group>"; };
		085B084C26B136BF003EA5B7 /* ViewController.swift */ = {isa = PBXFileReference; lastKnownFileType = sourcecode.swift; path = ViewController.swift; sourceTree = "<group>"; };
		085B085126B136C1003EA5B7 /* Assets.xcassets */ = {isa = PBXFileReference; lastKnownFileType = folder.assetcatalog; path = Assets.xcassets; sourceTree = "<group>"; };
		085B085426B136C1003EA5B7 /* Base */ = {isa = PBXFileReference; lastKnownFileType = file.storyboard; name = Base; path = Base.lproj/LaunchScreen.storyboard; sourceTree = "<group>"; };
		085B085626B136C1003EA5B7 /* Info.plist */ = {isa = PBXFileReference; lastKnownFileType = text.plist.xml; path = Info.plist; sourceTree = "<group>"; };
		085B085B26B136C1003EA5B7 /* NaviTests.xctest */ = {isa = PBXFileReference; explicitFileType = wrapper.cfbundle; includeInIndex = 0; path = NaviTests.xctest; sourceTree = BUILT_PRODUCTS_DIR; };
		085B085F26B136C1003EA5B7 /* NaviTests.swift */ = {isa = PBXFileReference; lastKnownFileType = sourcecode.swift; path = NaviTests.swift; sourceTree = "<group>"; };
		085B086126B136C1003EA5B7 /* Info.plist */ = {isa = PBXFileReference; lastKnownFileType = text.plist.xml; path = Info.plist; sourceTree = "<group>"; };
		085B086626B136C1003EA5B7 /* NaviUITests.xctest */ = {isa = PBXFileReference; explicitFileType = wrapper.cfbundle; includeInIndex = 0; path = NaviUITests.xctest; sourceTree = BUILT_PRODUCTS_DIR; };
		085B086A26B136C1003EA5B7 /* NaviUITests.swift */ = {isa = PBXFileReference; lastKnownFileType = sourcecode.swift; path = NaviUITests.swift; sourceTree = "<group>"; };
		085B086C26B136C1003EA5B7 /* Info.plist */ = {isa = PBXFileReference; lastKnownFileType = text.plist.xml; path = Info.plist; sourceTree = "<group>"; };
		085B087826B14655003EA5B7 /* TabBarController.swift */ = {isa = PBXFileReference; lastKnownFileType = sourcecode.swift; path = TabBarController.swift; sourceTree = "<group>"; };
		085B087C26B14C9A003EA5B7 /* HomeVC.swift */ = {isa = PBXFileReference; fileEncoding = 4; lastKnownFileType = sourcecode.swift; path = HomeVC.swift; sourceTree = "<group>"; };
		085B087E26B15058003EA5B7 /* QuizVC.swift */ = {isa = PBXFileReference; lastKnownFileType = sourcecode.swift; path = QuizVC.swift; sourceTree = "<group>"; };
		085B088026B150E1003EA5B7 /* MyPageVC.swift */ = {isa = PBXFileReference; lastKnownFileType = sourcecode.swift; path = MyPageVC.swift; sourceTree = "<group>"; };
		085B088226B15F63003EA5B7 /* VerseGroupTableView.swift */ = {isa = PBXFileReference; lastKnownFileType = sourcecode.swift; path = VerseGroupTableView.swift; sourceTree = "<group>"; };
		089762C826C3A91600AFC555 /* HeadCell.swift */ = {isa = PBXFileReference; lastKnownFileType = sourcecode.swift; path = HeadCell.swift; sourceTree = "<group>"; };
		089762CB26C3C99900AFC555 /* UIColor+Extension.swift */ = {isa = PBXFileReference; lastKnownFileType = sourcecode.swift; path = "UIColor+Extension.swift"; sourceTree = "<group>"; };
		089762CD26C3D65700AFC555 /* TodayVerseView.swift */ = {isa = PBXFileReference; lastKnownFileType = sourcecode.swift; path = TodayVerseView.swift; sourceTree = "<group>"; };
		089762D026C3D69D00AFC555 /* VerseViewModel.swift */ = {isa = PBXFileReference; lastKnownFileType = sourcecode.swift; path = VerseViewModel.swift; sourceTree = "<group>"; };
		08A7820026CCD88D00338E97 /* PersistentContainer.swift */ = {isa = PBXFileReference; lastKnownFileType = sourcecode.swift; path = PersistentContainer.swift; sourceTree = "<group>"; };
		08AB0A3A26CCFDAE00066D6F /* Model.xcdatamodel */ = {isa = PBXFileReference; lastKnownFileType = wrapper.xcdatamodel; path = Model.xcdatamodel; sourceTree = "<group>"; };
		08AB0A3E26CD0AA200066D6F /* Verse.swift */ = {isa = PBXFileReference; lastKnownFileType = sourcecode.swift; name = Verse.swift; path = ../../Verse.swift; sourceTree = "<group>"; };
		08AB0A4626D0DD2100066D6F /* CardTableVC.swift */ = {isa = PBXFileReference; lastKnownFileType = sourcecode.swift; path = CardTableVC.swift; sourceTree = "<group>"; };
		08AB0A4826D0DFE100066D6F /* CardTableViewModel.swift */ = {isa = PBXFileReference; lastKnownFileType = sourcecode.swift; path = CardTableViewModel.swift; sourceTree = "<group>"; };
		08AB0A4A26D0E15800066D6F /* CardTableView.swift */ = {isa = PBXFileReference; lastKnownFileType = sourcecode.swift; path = CardTableView.swift; sourceTree = "<group>"; };
		08AB0A4C26D0E41C00066D6F /* CardCell.swift */ = {isa = PBXFileReference; lastKnownFileType = sourcecode.swift; path = CardCell.swift; sourceTree = "<group>"; };
		08AB0A4E26D0E4AA00066D6F /* CardViewModel.swift */ = {isa = PBXFileReference; lastKnownFileType = sourcecode.swift; path = CardViewModel.swift; sourceTree = "<group>"; };
		08AD4D9826BA784C00E14F64 /* DataBaseService.swift */ = {isa = PBXFileReference; lastKnownFileType = sourcecode.swift; path = DataBaseService.swift; sourceTree = "<group>"; };
		08AD4D9C26BCEE7800E14F64 /* cardset.tsv */ = {isa = PBXFileReference; fileEncoding = 4; lastKnownFileType = text; path = cardset.tsv; sourceTree = "<group>"; };
		08AD4DA026C38C0400E14F64 /* ThemeHeaderView.swift */ = {isa = PBXFileReference; lastKnownFileType = sourcecode.swift; path = ThemeHeaderView.swift; sourceTree = "<group>"; };
/* End PBXFileReference section */

/* Begin PBXFrameworksBuildPhase section */
		085B084226B136BF003EA5B7 /* Frameworks */ = {
			isa = PBXFrameworksBuildPhase;
			buildActionMask = 2147483647;
			files = (
			);
			runOnlyForDeploymentPostprocessing = 0;
		};
		085B085826B136C1003EA5B7 /* Frameworks */ = {
			isa = PBXFrameworksBuildPhase;
			buildActionMask = 2147483647;
			files = (
			);
			runOnlyForDeploymentPostprocessing = 0;
		};
		085B086326B136C1003EA5B7 /* Frameworks */ = {
			isa = PBXFrameworksBuildPhase;
			buildActionMask = 2147483647;
			files = (
			);
			runOnlyForDeploymentPostprocessing = 0;
		};
/* End PBXFrameworksBuildPhase section */

/* Begin PBXGroup section */
		085B083C26B136BF003EA5B7 = {
			isa = PBXGroup;
			children = (
				085B084726B136BF003EA5B7 /* Navi */,
				085B085E26B136C1003EA5B7 /* NaviTests */,
				085B086926B136C1003EA5B7 /* NaviUITests */,
				085B084626B136BF003EA5B7 /* Products */,
			);
			sourceTree = "<group>";
		};
		085B084626B136BF003EA5B7 /* Products */ = {
			isa = PBXGroup;
			children = (
				085B084526B136BF003EA5B7 /* Navi.app */,
				085B085B26B136C1003EA5B7 /* NaviTests.xctest */,
				085B086626B136C1003EA5B7 /* NaviUITests.xctest */,
			);
			name = Products;
			sourceTree = "<group>";
		};
		085B084726B136BF003EA5B7 /* Navi */ = {
			isa = PBXGroup;
			children = (
				08A781FF26CCD1DC00338E97 /* Model */,
				089762CA26C3C98800AFC555 /* Extension */,
				08AD4D9726BA780000E14F64 /* Service */,
				085B084826B136BF003EA5B7 /* AppDelegate.swift */,
				085B084A26B136BF003EA5B7 /* SceneDelegate.swift */,
				085B084C26B136BF003EA5B7 /* ViewController.swift */,
				085B085126B136C1003EA5B7 /* Assets.xcassets */,
				085B085326B136C1003EA5B7 /* LaunchScreen.storyboard */,
				085B085626B136C1003EA5B7 /* Info.plist */,
				085B087826B14655003EA5B7 /* TabBarController.swift */,
				085B087E26B15058003EA5B7 /* QuizVC.swift */,
				085B088426B15F67003EA5B7 /* Home */,
				085B088026B150E1003EA5B7 /* MyPageVC.swift */,
				08AD4D9C26BCEE7800E14F64 /* cardset.tsv */,
			);
			path = Navi;
			sourceTree = "<group>";
		};
		085B085E26B136C1003EA5B7 /* NaviTests */ = {
			isa = PBXGroup;
			children = (
				085B085F26B136C1003EA5B7 /* NaviTests.swift */,
				085B086126B136C1003EA5B7 /* Info.plist */,
			);
			path = NaviTests;
			sourceTree = "<group>";
		};
		085B086926B136C1003EA5B7 /* NaviUITests */ = {
			isa = PBXGroup;
			children = (
				085B086A26B136C1003EA5B7 /* NaviUITests.swift */,
				085B086C26B136C1003EA5B7 /* Info.plist */,
			);
			path = NaviUITests;
			sourceTree = "<group>";
		};
		085B088426B15F67003EA5B7 /* Home */ = {
			isa = PBXGroup;
			children = (
				08AD4D9F26C389E200E14F64 /* Controller */,
				089762CF26C3D68C00AFC555 /* ViewModel */,
				08AD4D9E26C389DC00E14F64 /* View */,
			);
			path = Home;
			sourceTree = "<group>";
		};
		089762CA26C3C98800AFC555 /* Extension */ = {
			isa = PBXGroup;
			children = (
				089762CB26C3C99900AFC555 /* UIColor+Extension.swift */,
			);
			path = Extension;
			sourceTree = "<group>";
		};
		089762CF26C3D68C00AFC555 /* ViewModel */ = {
			isa = PBXGroup;
			children = (
				089762D026C3D69D00AFC555 /* VerseViewModel.swift */,
				08AB0A4826D0DFE100066D6F /* CardTableViewModel.swift */,
				08AB0A4E26D0E4AA00066D6F /* CardViewModel.swift */,
			);
			path = ViewModel;
			sourceTree = "<group>";
		};
		08A781FF26CCD1DC00338E97 /* Model */ = {
			isa = PBXGroup;
			children = (
				08AB0A3926CCFDAE00066D6F /* Model.xcdatamodeld */,
				08AB0A3E26CD0AA200066D6F /* Verse.swift */,
			);
			path = Model;
			sourceTree = "<group>";
		};
		08AD4D9726BA780000E14F64 /* Service */ = {
			isa = PBXGroup;
			children = (
				08AD4D9826BA784C00E14F64 /* DataBaseService.swift */,
				08A7820026CCD88D00338E97 /* PersistentContainer.swift */,
			);
			path = Service;
			sourceTree = "<group>";
		};
		08AD4D9E26C389DC00E14F64 /* View */ = {
			isa = PBXGroup;
			children = (
				085B088226B15F63003EA5B7 /* VerseGroupTableView.swift */,
				08AD4DA026C38C0400E14F64 /* ThemeHeaderView.swift */,
				089762C826C3A91600AFC555 /* HeadCell.swift */,
				089762CD26C3D65700AFC555 /* TodayVerseView.swift */,
				08AB0A4A26D0E15800066D6F /* CardTableView.swift */,
				08AB0A4C26D0E41C00066D6F /* CardCell.swift */,
			);
			path = View;
			sourceTree = "<group>";
		};
		08AD4D9F26C389E200E14F64 /* Controller */ = {
			isa = PBXGroup;
			children = (
				085B087C26B14C9A003EA5B7 /* HomeVC.swift */,
				08AB0A4626D0DD2100066D6F /* CardTableVC.swift */,
			);
			path = Controller;
			sourceTree = "<group>";
		};
/* End PBXGroup section */

/* Begin PBXNativeTarget section */
		085B084426B136BF003EA5B7 /* Navi */ = {
			isa = PBXNativeTarget;
			buildConfigurationList = 085B086F26B136C1003EA5B7 /* Build configuration list for PBXNativeTarget "Navi" */;
			buildPhases = (
				085B084126B136BF003EA5B7 /* Sources */,
				085B084226B136BF003EA5B7 /* Frameworks */,
				085B084326B136BF003EA5B7 /* Resources */,
			);
			buildRules = (
			);
			dependencies = (
			);
			name = Navi;
			productName = Navi;
			productReference = 085B084526B136BF003EA5B7 /* Navi.app */;
			productType = "com.apple.product-type.application";
		};
		085B085A26B136C1003EA5B7 /* NaviTests */ = {
			isa = PBXNativeTarget;
			buildConfigurationList = 085B087226B136C1003EA5B7 /* Build configuration list for PBXNativeTarget "NaviTests" */;
			buildPhases = (
				085B085726B136C1003EA5B7 /* Sources */,
				085B085826B136C1003EA5B7 /* Frameworks */,
				085B085926B136C1003EA5B7 /* Resources */,
			);
			buildRules = (
			);
			dependencies = (
				085B085D26B136C1003EA5B7 /* PBXTargetDependency */,
			);
			name = NaviTests;
			productName = NaviTests;
			productReference = 085B085B26B136C1003EA5B7 /* NaviTests.xctest */;
			productType = "com.apple.product-type.bundle.unit-test";
		};
		085B086526B136C1003EA5B7 /* NaviUITests */ = {
			isa = PBXNativeTarget;
			buildConfigurationList = 085B087526B136C1003EA5B7 /* Build configuration list for PBXNativeTarget "NaviUITests" */;
			buildPhases = (
				085B086226B136C1003EA5B7 /* Sources */,
				085B086326B136C1003EA5B7 /* Frameworks */,
				085B086426B136C1003EA5B7 /* Resources */,
			);
			buildRules = (
			);
			dependencies = (
				085B086826B136C1003EA5B7 /* PBXTargetDependency */,
			);
			name = NaviUITests;
			productName = NaviUITests;
			productReference = 085B086626B136C1003EA5B7 /* NaviUITests.xctest */;
			productType = "com.apple.product-type.bundle.ui-testing";
		};
/* End PBXNativeTarget section */

/* Begin PBXProject section */
		085B083D26B136BF003EA5B7 /* Project object */ = {
			isa = PBXProject;
			attributes = {
				LastSwiftUpdateCheck = 1250;
				LastUpgradeCheck = 1250;
				TargetAttributes = {
					085B084426B136BF003EA5B7 = {
						CreatedOnToolsVersion = 12.5;
					};
					085B085A26B136C1003EA5B7 = {
						CreatedOnToolsVersion = 12.5;
						TestTargetID = 085B084426B136BF003EA5B7;
					};
					085B086526B136C1003EA5B7 = {
						CreatedOnToolsVersion = 12.5;
						TestTargetID = 085B084426B136BF003EA5B7;
					};
				};
			};
			buildConfigurationList = 085B084026B136BF003EA5B7 /* Build configuration list for PBXProject "Navi" */;
			compatibilityVersion = "Xcode 9.3";
			developmentRegion = en;
			hasScannedForEncodings = 0;
			knownRegions = (
				en,
				Base,
			);
			mainGroup = 085B083C26B136BF003EA5B7;
			productRefGroup = 085B084626B136BF003EA5B7 /* Products */;
			projectDirPath = "";
			projectRoot = "";
			targets = (
				085B084426B136BF003EA5B7 /* Navi */,
				085B085A26B136C1003EA5B7 /* NaviTests */,
				085B086526B136C1003EA5B7 /* NaviUITests */,
			);
		};
/* End PBXProject section */

/* Begin PBXResourcesBuildPhase section */
		085B084326B136BF003EA5B7 /* Resources */ = {
			isa = PBXResourcesBuildPhase;
			buildActionMask = 2147483647;
			files = (
				08AD4D9D26BCEE7800E14F64 /* cardset.tsv in Resources */,
				085B085526B136C1003EA5B7 /* LaunchScreen.storyboard in Resources */,
				085B085226B136C1003EA5B7 /* Assets.xcassets in Resources */,
			);
			runOnlyForDeploymentPostprocessing = 0;
		};
		085B085926B136C1003EA5B7 /* Resources */ = {
			isa = PBXResourcesBuildPhase;
			buildActionMask = 2147483647;
			files = (
			);
			runOnlyForDeploymentPostprocessing = 0;
		};
		085B086426B136C1003EA5B7 /* Resources */ = {
			isa = PBXResourcesBuildPhase;
			buildActionMask = 2147483647;
			files = (
			);
			runOnlyForDeploymentPostprocessing = 0;
		};
/* End PBXResourcesBuildPhase section */

/* Begin PBXSourcesBuildPhase section */
		085B084126B136BF003EA5B7 /* Sources */ = {
			isa = PBXSourcesBuildPhase;
			buildActionMask = 2147483647;
			files = (
				08AB0A4F26D0E4AA00066D6F /* CardViewModel.swift in Sources */,
				08AD4D9926BA784C00E14F64 /* DataBaseService.swift in Sources */,
				085B084D26B136BF003EA5B7 /* ViewController.swift in Sources */,
				08AB0A4026CD0AA200066D6F /* Verse.swift in Sources */,
				08AB0A4726D0DD2100066D6F /* CardTableVC.swift in Sources */,
				085B087F26B15058003EA5B7 /* QuizVC.swift in Sources */,
				089762CC26C3C99900AFC555 /* UIColor+Extension.swift in Sources */,
				089762D126C3D69D00AFC555 /* VerseViewModel.swift in Sources */,
				08AB0A4B26D0E15800066D6F /* CardTableView.swift in Sources */,
				085B088326B15F63003EA5B7 /* VerseGroupTableView.swift in Sources */,
				085B088126B150E1003EA5B7 /* MyPageVC.swift in Sources */,
				08A7820126CCD88D00338E97 /* PersistentContainer.swift in Sources */,
				08AD4DA126C38C0400E14F64 /* ThemeHeaderView.swift in Sources */,
				085B087D26B14C9A003EA5B7 /* HomeVC.swift in Sources */,
				08AB0A4926D0DFE100066D6F /* CardTableViewModel.swift in Sources */,
				08AB0A4D26D0E41C00066D6F /* CardCell.swift in Sources */,
				085B087926B14655003EA5B7 /* TabBarController.swift in Sources */,
				08AB0A3B26CCFDAE00066D6F /* Model.xcdatamodeld in Sources */,
				089762CE26C3D65700AFC555 /* TodayVerseView.swift in Sources */,
				085B084926B136BF003EA5B7 /* AppDelegate.swift in Sources */,
				085B084B26B136BF003EA5B7 /* SceneDelegate.swift in Sources */,
				089762C926C3A91600AFC555 /* HeadCell.swift in Sources */,
			);
			runOnlyForDeploymentPostprocessing = 0;
		};
		085B085726B136C1003EA5B7 /* Sources */ = {
			isa = PBXSourcesBuildPhase;
			buildActionMask = 2147483647;
			files = (
				085B086026B136C1003EA5B7 /* NaviTests.swift in Sources */,
			);
			runOnlyForDeploymentPostprocessing = 0;
		};
		085B086226B136C1003EA5B7 /* Sources */ = {
			isa = PBXSourcesBuildPhase;
			buildActionMask = 2147483647;
			files = (
				085B086B26B136C1003EA5B7 /* NaviUITests.swift in Sources */,
			);
			runOnlyForDeploymentPostprocessing = 0;
		};
/* End PBXSourcesBuildPhase section */

/* Begin PBXTargetDependency section */
		085B085D26B136C1003EA5B7 /* PBXTargetDependency */ = {
			isa = PBXTargetDependency;
			target = 085B084426B136BF003EA5B7 /* Navi */;
			targetProxy = 085B085C26B136C1003EA5B7 /* PBXContainerItemProxy */;
		};
		085B086826B136C1003EA5B7 /* PBXTargetDependency */ = {
			isa = PBXTargetDependency;
			target = 085B084426B136BF003EA5B7 /* Navi */;
			targetProxy = 085B086726B136C1003EA5B7 /* PBXContainerItemProxy */;
		};
/* End PBXTargetDependency section */

/* Begin PBXVariantGroup section */
		085B085326B136C1003EA5B7 /* LaunchScreen.storyboard */ = {
			isa = PBXVariantGroup;
			children = (
				085B085426B136C1003EA5B7 /* Base */,
			);
			name = LaunchScreen.storyboard;
			sourceTree = "<group>";
		};
/* End PBXVariantGroup section */

/* Begin XCBuildConfiguration section */
		085B086D26B136C1003EA5B7 /* Debug */ = {
			isa = XCBuildConfiguration;
			buildSettings = {
				ALWAYS_SEARCH_USER_PATHS = NO;
				CLANG_ANALYZER_NONNULL = YES;
				CLANG_ANALYZER_NUMBER_OBJECT_CONVERSION = YES_AGGRESSIVE;
				CLANG_CXX_LANGUAGE_STANDARD = "gnu++14";
				CLANG_CXX_LIBRARY = "libc++";
				CLANG_ENABLE_MODULES = YES;
				CLANG_ENABLE_OBJC_ARC = YES;
				CLANG_ENABLE_OBJC_WEAK = YES;
				CLANG_WARN_BLOCK_CAPTURE_AUTORELEASING = YES;
				CLANG_WARN_BOOL_CONVERSION = YES;
				CLANG_WARN_COMMA = YES;
				CLANG_WARN_CONSTANT_CONVERSION = YES;
				CLANG_WARN_DEPRECATED_OBJC_IMPLEMENTATIONS = YES;
				CLANG_WARN_DIRECT_OBJC_ISA_USAGE = YES_ERROR;
				CLANG_WARN_DOCUMENTATION_COMMENTS = YES;
				CLANG_WARN_EMPTY_BODY = YES;
				CLANG_WARN_ENUM_CONVERSION = YES;
				CLANG_WARN_INFINITE_RECURSION = YES;
				CLANG_WARN_INT_CONVERSION = YES;
				CLANG_WARN_NON_LITERAL_NULL_CONVERSION = YES;
				CLANG_WARN_OBJC_IMPLICIT_RETAIN_SELF = YES;
				CLANG_WARN_OBJC_LITERAL_CONVERSION = YES;
				CLANG_WARN_OBJC_ROOT_CLASS = YES_ERROR;
				CLANG_WARN_QUOTED_INCLUDE_IN_FRAMEWORK_HEADER = YES;
				CLANG_WARN_RANGE_LOOP_ANALYSIS = YES;
				CLANG_WARN_STRICT_PROTOTYPES = YES;
				CLANG_WARN_SUSPICIOUS_MOVE = YES;
				CLANG_WARN_UNGUARDED_AVAILABILITY = YES_AGGRESSIVE;
				CLANG_WARN_UNREACHABLE_CODE = YES;
				CLANG_WARN__DUPLICATE_METHOD_MATCH = YES;
				COPY_PHASE_STRIP = NO;
				DEBUG_INFORMATION_FORMAT = dwarf;
				ENABLE_STRICT_OBJC_MSGSEND = YES;
				ENABLE_TESTABILITY = YES;
				GCC_C_LANGUAGE_STANDARD = gnu11;
				GCC_DYNAMIC_NO_PIC = NO;
				GCC_NO_COMMON_BLOCKS = YES;
				GCC_OPTIMIZATION_LEVEL = 0;
				GCC_PREPROCESSOR_DEFINITIONS = (
					"DEBUG=1",
					"$(inherited)",
				);
				GCC_WARN_64_TO_32_BIT_CONVERSION = YES;
				GCC_WARN_ABOUT_RETURN_TYPE = YES_ERROR;
				GCC_WARN_UNDECLARED_SELECTOR = YES;
				GCC_WARN_UNINITIALIZED_AUTOS = YES_AGGRESSIVE;
				GCC_WARN_UNUSED_FUNCTION = YES;
				GCC_WARN_UNUSED_VARIABLE = YES;
				IPHONEOS_DEPLOYMENT_TARGET = 14.5;
				MTL_ENABLE_DEBUG_INFO = INCLUDE_SOURCE;
				MTL_FAST_MATH = YES;
				ONLY_ACTIVE_ARCH = YES;
				SDKROOT = iphoneos;
				SWIFT_ACTIVE_COMPILATION_CONDITIONS = DEBUG;
				SWIFT_OPTIMIZATION_LEVEL = "-Onone";
			};
			name = Debug;
		};
		085B086E26B136C1003EA5B7 /* Release */ = {
			isa = XCBuildConfiguration;
			buildSettings = {
				ALWAYS_SEARCH_USER_PATHS = NO;
				CLANG_ANALYZER_NONNULL = YES;
				CLANG_ANALYZER_NUMBER_OBJECT_CONVERSION = YES_AGGRESSIVE;
				CLANG_CXX_LANGUAGE_STANDARD = "gnu++14";
				CLANG_CXX_LIBRARY = "libc++";
				CLANG_ENABLE_MODULES = YES;
				CLANG_ENABLE_OBJC_ARC = YES;
				CLANG_ENABLE_OBJC_WEAK = YES;
				CLANG_WARN_BLOCK_CAPTURE_AUTORELEASING = YES;
				CLANG_WARN_BOOL_CONVERSION = YES;
				CLANG_WARN_COMMA = YES;
				CLANG_WARN_CONSTANT_CONVERSION = YES;
				CLANG_WARN_DEPRECATED_OBJC_IMPLEMENTATIONS = YES;
				CLANG_WARN_DIRECT_OBJC_ISA_USAGE = YES_ERROR;
				CLANG_WARN_DOCUMENTATION_COMMENTS = YES;
				CLANG_WARN_EMPTY_BODY = YES;
				CLANG_WARN_ENUM_CONVERSION = YES;
				CLANG_WARN_INFINITE_RECURSION = YES;
				CLANG_WARN_INT_CONVERSION = YES;
				CLANG_WARN_NON_LITERAL_NULL_CONVERSION = YES;
				CLANG_WARN_OBJC_IMPLICIT_RETAIN_SELF = YES;
				CLANG_WARN_OBJC_LITERAL_CONVERSION = YES;
				CLANG_WARN_OBJC_ROOT_CLASS = YES_ERROR;
				CLANG_WARN_QUOTED_INCLUDE_IN_FRAMEWORK_HEADER = YES;
				CLANG_WARN_RANGE_LOOP_ANALYSIS = YES;
				CLANG_WARN_STRICT_PROTOTYPES = YES;
				CLANG_WARN_SUSPICIOUS_MOVE = YES;
				CLANG_WARN_UNGUARDED_AVAILABILITY = YES_AGGRESSIVE;
				CLANG_WARN_UNREACHABLE_CODE = YES;
				CLANG_WARN__DUPLICATE_METHOD_MATCH = YES;
				COPY_PHASE_STRIP = NO;
				DEBUG_INFORMATION_FORMAT = "dwarf-with-dsym";
				ENABLE_NS_ASSERTIONS = NO;
				ENABLE_STRICT_OBJC_MSGSEND = YES;
				GCC_C_LANGUAGE_STANDARD = gnu11;
				GCC_NO_COMMON_BLOCKS = YES;
				GCC_WARN_64_TO_32_BIT_CONVERSION = YES;
				GCC_WARN_ABOUT_RETURN_TYPE = YES_ERROR;
				GCC_WARN_UNDECLARED_SELECTOR = YES;
				GCC_WARN_UNINITIALIZED_AUTOS = YES_AGGRESSIVE;
				GCC_WARN_UNUSED_FUNCTION = YES;
				GCC_WARN_UNUSED_VARIABLE = YES;
				IPHONEOS_DEPLOYMENT_TARGET = 14.5;
				MTL_ENABLE_DEBUG_INFO = NO;
				MTL_FAST_MATH = YES;
				SDKROOT = iphoneos;
				SWIFT_COMPILATION_MODE = wholemodule;
				SWIFT_OPTIMIZATION_LEVEL = "-O";
				VALIDATE_PRODUCT = YES;
			};
			name = Release;
		};
		085B087026B136C1003EA5B7 /* Debug */ = {
			isa = XCBuildConfiguration;
			buildSettings = {
				ASSETCATALOG_COMPILER_APPICON_NAME = AppIcon;
				ASSETCATALOG_COMPILER_GLOBAL_ACCENT_COLOR_NAME = AccentColor;
				CODE_SIGN_STYLE = Automatic;
				DEVELOPMENT_TEAM = WN979R49XM;
				INFOPLIST_FILE = Navi/Info.plist;
				LD_RUNPATH_SEARCH_PATHS = (
					"$(inherited)",
					"@executable_path/Frameworks",
				);
				PRODUCT_BUNDLE_IDENTIFIER = com.suzenyada.Navi;
				PRODUCT_NAME = "$(TARGET_NAME)";
				SWIFT_VERSION = 5.0;
				TARGETED_DEVICE_FAMILY = "1,2";
			};
			name = Debug;
		};
		085B087126B136C1003EA5B7 /* Release */ = {
			isa = XCBuildConfiguration;
			buildSettings = {
				ASSETCATALOG_COMPILER_APPICON_NAME = AppIcon;
				ASSETCATALOG_COMPILER_GLOBAL_ACCENT_COLOR_NAME = AccentColor;
				CODE_SIGN_STYLE = Automatic;
				DEVELOPMENT_TEAM = WN979R49XM;
				INFOPLIST_FILE = Navi/Info.plist;
				LD_RUNPATH_SEARCH_PATHS = (
					"$(inherited)",
					"@executable_path/Frameworks",
				);
				PRODUCT_BUNDLE_IDENTIFIER = com.suzenyada.Navi;
				PRODUCT_NAME = "$(TARGET_NAME)";
				SWIFT_VERSION = 5.0;
				TARGETED_DEVICE_FAMILY = "1,2";
			};
			name = Release;
		};
		085B087326B136C1003EA5B7 /* Debug */ = {
			isa = XCBuildConfiguration;
			buildSettings = {
				ALWAYS_EMBED_SWIFT_STANDARD_LIBRARIES = YES;
				BUNDLE_LOADER = "$(TEST_HOST)";
				CODE_SIGN_STYLE = Automatic;
				DEVELOPMENT_TEAM = WN979R49XM;
				INFOPLIST_FILE = NaviTests/Info.plist;
				IPHONEOS_DEPLOYMENT_TARGET = 14.5;
				LD_RUNPATH_SEARCH_PATHS = (
					"$(inherited)",
					"@executable_path/Frameworks",
					"@loader_path/Frameworks",
				);
				PRODUCT_BUNDLE_IDENTIFIER = com.suzenyada.NaviTests;
				PRODUCT_NAME = "$(TARGET_NAME)";
				SWIFT_VERSION = 5.0;
				TARGETED_DEVICE_FAMILY = "1,2";
				TEST_HOST = "$(BUILT_PRODUCTS_DIR)/Navi.app/Navi";
			};
			name = Debug;
		};
		085B087426B136C1003EA5B7 /* Release */ = {
			isa = XCBuildConfiguration;
			buildSettings = {
				ALWAYS_EMBED_SWIFT_STANDARD_LIBRARIES = YES;
				BUNDLE_LOADER = "$(TEST_HOST)";
				CODE_SIGN_STYLE = Automatic;
				DEVELOPMENT_TEAM = WN979R49XM;
				INFOPLIST_FILE = NaviTests/Info.plist;
				IPHONEOS_DEPLOYMENT_TARGET = 14.5;
				LD_RUNPATH_SEARCH_PATHS = (
					"$(inherited)",
					"@executable_path/Frameworks",
					"@loader_path/Frameworks",
				);
				PRODUCT_BUNDLE_IDENTIFIER = com.suzenyada.NaviTests;
				PRODUCT_NAME = "$(TARGET_NAME)";
				SWIFT_VERSION = 5.0;
				TARGETED_DEVICE_FAMILY = "1,2";
				TEST_HOST = "$(BUILT_PRODUCTS_DIR)/Navi.app/Navi";
			};
			name = Release;
		};
		085B087626B136C1003EA5B7 /* Debug */ = {
			isa = XCBuildConfiguration;
			buildSettings = {
				ALWAYS_EMBED_SWIFT_STANDARD_LIBRARIES = YES;
				CODE_SIGN_STYLE = Automatic;
				DEVELOPMENT_TEAM = WN979R49XM;
				INFOPLIST_FILE = NaviUITests/Info.plist;
				LD_RUNPATH_SEARCH_PATHS = (
					"$(inherited)",
					"@executable_path/Frameworks",
					"@loader_path/Frameworks",
				);
				PRODUCT_BUNDLE_IDENTIFIER = com.suzenyada.NaviUITests;
				PRODUCT_NAME = "$(TARGET_NAME)";
				SWIFT_VERSION = 5.0;
				TARGETED_DEVICE_FAMILY = "1,2";
				TEST_TARGET_NAME = Navi;
			};
			name = Debug;
		};
		085B087726B136C1003EA5B7 /* Release */ = {
			isa = XCBuildConfiguration;
			buildSettings = {
				ALWAYS_EMBED_SWIFT_STANDARD_LIBRARIES = YES;
				CODE_SIGN_STYLE = Automatic;
				DEVELOPMENT_TEAM = WN979R49XM;
				INFOPLIST_FILE = NaviUITests/Info.plist;
				LD_RUNPATH_SEARCH_PATHS = (
					"$(inherited)",
					"@executable_path/Frameworks",
					"@loader_path/Frameworks",
				);
				PRODUCT_BUNDLE_IDENTIFIER = com.suzenyada.NaviUITests;
				PRODUCT_NAME = "$(TARGET_NAME)";
				SWIFT_VERSION = 5.0;
				TARGETED_DEVICE_FAMILY = "1,2";
				TEST_TARGET_NAME = Navi;
			};
			name = Release;
		};
/* End XCBuildConfiguration section */

/* Begin XCConfigurationList section */
		085B084026B136BF003EA5B7 /* Build configuration list for PBXProject "Navi" */ = {
			isa = XCConfigurationList;
			buildConfigurations = (
				085B086D26B136C1003EA5B7 /* Debug */,
				085B086E26B136C1003EA5B7 /* Release */,
			);
			defaultConfigurationIsVisible = 0;
			defaultConfigurationName = Release;
		};
		085B086F26B136C1003EA5B7 /* Build configuration list for PBXNativeTarget "Navi" */ = {
			isa = XCConfigurationList;
			buildConfigurations = (
				085B087026B136C1003EA5B7 /* Debug */,
				085B087126B136C1003EA5B7 /* Release */,
			);
			defaultConfigurationIsVisible = 0;
			defaultConfigurationName = Release;
		};
		085B087226B136C1003EA5B7 /* Build configuration list for PBXNativeTarget "NaviTests" */ = {
			isa = XCConfigurationList;
			buildConfigurations = (
				085B087326B136C1003EA5B7 /* Debug */,
				085B087426B136C1003EA5B7 /* Release */,
			);
			defaultConfigurationIsVisible = 0;
			defaultConfigurationName = Release;
		};
		085B087526B136C1003EA5B7 /* Build configuration list for PBXNativeTarget "NaviUITests" */ = {
			isa = XCConfigurationList;
			buildConfigurations = (
				085B087626B136C1003EA5B7 /* Debug */,
				085B087726B136C1003EA5B7 /* Release */,
			);
			defaultConfigurationIsVisible = 0;
			defaultConfigurationName = Release;
		};
/* End XCConfigurationList section */

/* Begin XCVersionGroup section */
		08AB0A3926CCFDAE00066D6F /* Model.xcdatamodeld */ = {
			isa = XCVersionGroup;
			children = (
				08AB0A3A26CCFDAE00066D6F /* Model.xcdatamodel */,
			);
			currentVersion = 08AB0A3A26CCFDAE00066D6F /* Model.xcdatamodel */;
			path = Model.xcdatamodeld;
			sourceTree = "<group>";
			versionGroupType = wrapper.xcdatamodel;
		};
/* End XCVersionGroup section */
	};
	rootObject = 085B083D26B136BF003EA5B7 /* Project object */;
}
